
Microsoft Visual Studio Solution File, Format Version 12.00
# Visual Studio 15
VisualStudioVersion = 15.0.26717.1
MinimumVisualStudioVersion = 10.0.40219.1
Project("{2150E333-8FDC-42A3-9474-1A3956D46DE8}") = "src", "src", "{1AB55A5C-A58C-46C5-B315-A4995D46B4EA}"
EndProject
Project("{2150E333-8FDC-42A3-9474-1A3956D46DE8}") = "samples", "samples", "{0F220264-A77B-4816-8940-2AB4253F2417}"
EndProject
Project("{2150E333-8FDC-42A3-9474-1A3956D46DE8}") = "Solution Items", "Solution Items", "{626B82BC-B79F-4F6C-B5EE-6A419772651F}"
	ProjectSection(SolutionItems) = preProject
		.editorconfig = .editorconfig
		build\Key.snk = build\Key.snk
		NuGet.Config = NuGet.Config
	EndProjectSection
EndProject
Project("{FAE04EC0-301F-11D3-BF4B-00C04F79EFBC}") = "VisualStudio.PowerShellConsole", "src\VisualStudio.PowerShellConsole\VisualStudio.PowerShellConsole.csproj", "{329C19E9-AC8A-4ED1-96FA-938E18D734E4}"
EndProject
Project("{FAE04EC0-301F-11D3-BF4B-00C04F79EFBC}") = "SampleConsoleExtension", "samples\SampleConsoleExtension\SampleConsoleExtension.csproj", "{3DAC3ABB-890B-476F-A662-ABD379D1FFF8}"
EndProject
Global
	GlobalSection(SolutionConfigurationPlatforms) = preSolution
		Debug|Any CPU = Debug|Any CPU
		Release|Any CPU = Release|Any CPU
	EndGlobalSection
	GlobalSection(ProjectConfigurationPlatforms) = postSolution
		{329C19E9-AC8A-4ED1-96FA-938E18D734E4}.Debug|Any CPU.ActiveCfg = Debug|Any CPU
		{329C19E9-AC8A-4ED1-96FA-938E18D734E4}.Debug|Any CPU.Build.0 = Debug|Any CPU
		{329C19E9-AC8A-4ED1-96FA-938E18D734E4}.Release|Any CPU.ActiveCfg = Release|Any CPU
		{329C19E9-AC8A-4ED1-96FA-938E18D734E4}.Release|Any CPU.Build.0 = Release|Any CPU
		{3DAC3ABB-890B-476F-A662-ABD379D1FFF8}.Debug|Any CPU.ActiveCfg = Debug|Any CPU
		{3DAC3ABB-890B-476F-A662-ABD379D1FFF8}.Debug|Any CPU.Build.0 = Debug|Any CPU
		{3DAC3ABB-890B-476F-A662-ABD379D1FFF8}.Release|Any CPU.ActiveCfg = Release|Any CPU
		{3DAC3ABB-890B-476F-A662-ABD379D1FFF8}.Release|Any CPU.Build.0 = Release|Any CPU
	EndGlobalSection
	GlobalSection(SolutionProperties) = preSolution
		HideSolutionNode = FALSE
	EndGlobalSection
	GlobalSection(NestedProjects) = preSolution
		{329C19E9-AC8A-4ED1-96FA-938E18D734E4} = {1AB55A5C-A58C-46C5-B315-A4995D46B4EA}
		{3DAC3ABB-890B-476F-A662-ABD379D1FFF8} = {0F220264-A77B-4816-8940-2AB4253F2417}
	EndGlobalSection
	GlobalSection(ExtensibilityGlobals) = postSolution
		SolutionGuid = {AB569394-E0A2-4C1E-B0B8-E51FAEDCED7D}
	EndGlobalSection
EndGlobal
